// !$*UTF8*$!
{
	archiveVersion = 1;
	classes = {
	};
	objectVersion = 46;
	objects = {

/* Begin PBXBuildFile section */
		86E2C51319C7523600122A0F /* AppDelegate.swift in Sources */ = {isa = PBXBuildFile; fileRef = 86E2C51219C7523600122A0F /* AppDelegate.swift */; };
		86E2C51519C7523600122A0F /* ViewController.swift in Sources */ = {isa = PBXBuildFile; fileRef = 86E2C51419C7523600122A0F /* ViewController.swift */; };
		86E2C51819C7523600122A0F /* Main.storyboard in Resources */ = {isa = PBXBuildFile; fileRef = 86E2C51619C7523600122A0F /* Main.storyboard */; };
		86E2C51A19C7523600122A0F /* Images.xcassets in Resources */ = {isa = PBXBuildFile; fileRef = 86E2C51919C7523600122A0F /* Images.xcassets */; };
		86E2C51D19C7523600122A0F /* LaunchScreen.xib in Resources */ = {isa = PBXBuildFile; fileRef = 86E2C51B19C7523600122A0F /* LaunchScreen.xib */; };
		86E2C52919C7523600122A0F /* PostcardTests.swift in Sources */ = {isa = PBXBuildFile; fileRef = 86E2C52819C7523600122A0F /* PostcardTests.swift */; };
		86E2C53319C75DFF00122A0F /* SagradaFamilia.jpeg in Resources */ = {isa = PBXBuildFile; fileRef = 86E2C53219C75DFF00122A0F /* SagradaFamilia.jpeg */; };
		86E2C53519C766E700122A0F /* AlbertEinsteinStamp.jpg in Resources */ = {isa = PBXBuildFile; fileRef = 86E2C53419C766E700122A0F /* AlbertEinsteinStamp.jpg */; };
/* End PBXBuildFile section */

/* Begin PBXContainerItemProxy section */
		86E2C52319C7523600122A0F /* PBXContainerItemProxy */ = {
			isa = PBXContainerItemProxy;
			containerPortal = 86E2C50519C7523600122A0F /* Project object */;
			proxyType = 1;
			remoteGlobalIDString = 86E2C50C19C7523600122A0F;
			remoteInfo = Postcard;
		};
/* End PBXContainerItemProxy section */

/* Begin PBXFileReference section */
		86E2C50D19C7523600122A0F /* Postcard.app */ = {isa = PBXFileReference; explicitFileType = wrapper.application; includeInIndex = 0; path = Postcard.app; sourceTree = BUILT_PRODUCTS_DIR; };
		86E2C51119C7523600122A0F /* Info.plist */ = {isa = PBXFileReference; lastKnownFileType = text.plist.xml; path = Info.plist; sourceTree = "<group>"; };
		86E2C51219C7523600122A0F /* AppDelegate.swift */ = {isa = PBXFileReference; lastKnownFileType = sourcecode.swift; path = AppDelegate.swift; sourceTree = "<group>"; };
		86E2C51419C7523600122A0F /* ViewController.swift */ = {isa = PBXFileReference; lastKnownFileType = sourcecode.swift; path = ViewController.swift; sourceTree = "<group>"; };
		86E2C51719C7523600122A0F /* Base */ = {isa = PBXFileReference; lastKnownFileType = file.storyboard; name = Base; path = Base.lproj/Main.storyboard; sourceTree = "<group>"; };
		86E2C51919C7523600122A0F /* Images.xcassets */ = {isa = PBXFileReference; lastKnownFileType = folder.assetcatalog; path = Images.xcassets; sourceTree = "<group>"; };
		86E2C51C19C7523600122A0F /* Base */ = {isa = PBXFileReference; lastKnownFileType = file.xib; name = Base; path = Base.lproj/LaunchScreen.xib; sourceTree = "<group>"; };
		86E2C52219C7523600122A0F /* PostcardTests.xctest */ = {isa = PBXFileReference; explicitFileType = wrapper.cfbundle; includeInIndex = 0; path = PostcardTests.xctest; sourceTree = BUILT_PRODUCTS_DIR; };
		86E2C52719C7523600122A0F /* Info.plist */ = {isa = PBXFileReference; lastKnownFileType = text.plist.xml; path = Info.plist; sourceTree = "<group>"; };
		86E2C52819C7523600122A0F /* PostcardTests.swift */ = {isa = PBXFileReference; lastKnownFileType = sourcecode.swift; path = PostcardTests.swift; sourceTree = "<group>"; };
		86E2C53219C75DFF00122A0F /* SagradaFamilia.jpeg */ = {isa = PBXFileReference; lastKnownFileType = image.jpeg; path = SagradaFamilia.jpeg; sourceTree = "<group>"; };
		86E2C53419C766E700122A0F /* AlbertEinsteinStamp.jpg */ = {isa = PBXFileReference; lastKnownFileType = image.jpeg; path = AlbertEinsteinStamp.jpg; sourceTree = "<group>"; };
/* End PBXFileReference section */

/* Begin PBXFrameworksBuildPhase section */
		86E2C50A19C7523600122A0F /* Frameworks */ = {
			isa = PBXFrameworksBuildPhase;
			buildActionMask = 2147483647;
			files = (
			);
			runOnlyForDeploymentPostprocessing = 0;
		};
		86E2C51F19C7523600122A0F /* Frameworks */ = {
			isa = PBXFrameworksBuildPhase;
			buildActionMask = 2147483647;
			files = (
			);
			runOnlyForDeploymentPostprocessing = 0;
		};
/* End PBXFrameworksBuildPhase section */

/* Begin PBXGroup section */
		86E2C50419C7523600122A0F = {
			isa = PBXGroup;
			children = (
				86E2C50F19C7523600122A0F /* Postcard */,
				86E2C52519C7523600122A0F /* PostcardTests */,
				86E2C50E19C7523600122A0F /* Products */,
			);
			sourceTree = "<group>";
		};
		86E2C50E19C7523600122A0F /* Products */ = {
			isa = PBXGroup;
			children = (
				86E2C50D19C7523600122A0F /* Postcard.app */,
				86E2C52219C7523600122A0F /* PostcardTests.xctest */,
			);
			name = Products;
			sourceTree = "<group>";
		};
		86E2C50F19C7523600122A0F /* Postcard */ = {
			isa = PBXGroup;
			children = (
				86E2C51219C7523600122A0F /* AppDelegate.swift */,
				86E2C51419C7523600122A0F /* ViewController.swift */,
				86E2C51619C7523600122A0F /* Main.storyboard */,
				86E2C51919C7523600122A0F /* Images.xcassets */,
				86E2C51B19C7523600122A0F /* LaunchScreen.xib */,
				86E2C51019C7523600122A0F /* Supporting Files */,
			);
			path = Postcard;
			sourceTree = "<group>";
		};
		86E2C51019C7523600122A0F /* Supporting Files */ = {
			isa = PBXGroup;
			children = (
				86E2C53419C766E700122A0F /* AlbertEinsteinStamp.jpg */,
				86E2C53219C75DFF00122A0F /* SagradaFamilia.jpeg */,
				86E2C51119C7523600122A0F /* Info.plist */,
			);
			name = "Supporting Files";
			sourceTree = "<group>";
		};
		86E2C52519C7523600122A0F /* PostcardTests */ = {
			isa = PBXGroup;
			children = (
				86E2C52819C7523600122A0F /* PostcardTests.swift */,
				86E2C52619C7523600122A0F /* Supporting Files */,
			);
			path = PostcardTests;
			sourceTree = "<group>";
		};
		86E2C52619C7523600122A0F /* Supporting Files */ = {
			isa = PBXGroup;
			children = (
				86E2C52719C7523600122A0F /* Info.plist */,
			);
			name = "Supporting Files";
			sourceTree = "<group>";
		};
/* End PBXGroup section */

/* Begin PBXNativeTarget section */
		86E2C50C19C7523600122A0F /* Postcard */ = {
			isa = PBXNativeTarget;
			buildConfigurationList = 86E2C52C19C7523600122A0F /* Build configuration list for PBXNativeTarget "Postcard" */;
			buildPhases = (
				86E2C50919C7523600122A0F /* Sources */,
				86E2C50A19C7523600122A0F /* Frameworks */,
				86E2C50B19C7523600122A0F /* Resources */,
			);
			buildRules = (
			);
			dependencies = (
			);
			name = Postcard;
			productName = Postcard;
			productReference = 86E2C50D19C7523600122A0F /* Postcard.app */;
			productType = "com.apple.product-type.application";
		};
		86E2C52119C7523600122A0F /* PostcardTests */ = {
			isa = PBXNativeTarget;
			buildConfigurationList = 86E2C52F19C7523600122A0F /* Build configuration list for PBXNativeTarget "PostcardTests" */;
			buildPhases = (
				86E2C51E19C7523600122A0F /* Sources */,
				86E2C51F19C7523600122A0F /* Frameworks */,
				86E2C52019C7523600122A0F /* Resources */,
			);
			buildRules = (
			);
			dependencies = (
				86E2C52419C7523600122A0F /* PBXTargetDependency */,
			);
			name = PostcardTests;
			productName = PostcardTests;
			productReference = 86E2C52219C7523600122A0F /* PostcardTests.xctest */;
			productType = "com.apple.product-type.bundle.unit-test";
		};
/* End PBXNativeTarget section */

/* Begin PBXProject section */
		86E2C50519C7523600122A0F /* Project object */ = {
			isa = PBXProject;
			attributes = {
				LastUpgradeCheck = 0600;
				ORGANIZATIONNAME = "Jonathan Drachenberg";
				TargetAttributes = {
					86E2C50C19C7523600122A0F = {
						CreatedOnToolsVersion = 6.1;
					};
					86E2C52119C7523600122A0F = {
						CreatedOnToolsVersion = 6.1;
						TestTargetID = 86E2C50C19C7523600122A0F;
					};
				};
			};
			buildConfigurationList = 86E2C50819C7523600122A0F /* Build configuration list for PBXProject "Postcard" */;
			compatibilityVersion = "Xcode 3.2";
			developmentRegion = English;
			hasScannedForEncodings = 0;
			knownRegions = (
				en,
				Base,
			);
			mainGroup = 86E2C50419C7523600122A0F;
			productRefGroup = 86E2C50E19C7523600122A0F /* Products */;
			projectDirPath = "";
			projectRoot = "";
			targets = (
				86E2C50C19C7523600122A0F /* Postcard */,
				86E2C52119C7523600122A0F /* PostcardTests */,
			);
		};
/* End PBXProject section */

/* Begin PBXResourcesBuildPhase section */
		86E2C50B19C7523600122A0F /* Resources */ = {
			isa = PBXResourcesBuildPhase;
			buildActionMask = 2147483647;
			files = (
				86E2C51819C7523600122A0F /* Main.storyboard in Resources */,
				86E2C53319C75DFF00122A0F /* SagradaFamilia.jpeg in Resources */,
				86E2C53519C766E700122A0F /* AlbertEinsteinStamp.jpg in Resources */,
				86E2C51D19C7523600122A0F /* LaunchScreen.xib in Resources */,
				86E2C51A19C7523600122A0F /* Images.xcassets in Resources */,
			);
			runOnlyForDeploymentPostprocessing = 0;
		};
		86E2C52019C7523600122A0F /* Resources */ = {
			isa = PBXResourcesBuildPhase;
			buildActionMask = 2147483647;
			files = (
			);
			runOnlyForDeploymentPostprocessing = 0;
		};
/* End PBXResourcesBuildPhase section */

/* Begin PBXSourcesBuildPhase section */
		86E2C50919C7523600122A0F /* Sources */ = {
			isa = PBXSourcesBuildPhase;
			buildActionMask = 2147483647;
			files = (
				86E2C51519C7523600122A0F /* ViewController.swift in Sources */,
				86E2C51319C7523600122A0F /* AppDelegate.swift in Sources */,
			);
			runOnlyForDeploymentPostprocessing = 0;
		};
		86E2C51E19C7523600122A0F /* Sources */ = {
			isa = PBXSourcesBuildPhase;
			buildActionMask = 2147483647;
			files = (
				86E2C52919C7523600122A0F /* PostcardTests.swift in Sources */,
			);
			runOnlyForDeploymentPostprocessing = 0;
		};
/* End PBXSourcesBuildPhase section */

/* Begin PBXTargetDependency section */
		86E2C52419C7523600122A0F /* PBXTargetDependency */ = {
			isa = PBXTargetDependency;
			target = 86E2C50C19C7523600122A0F /* Postcard */;
			targetProxy = 86E2C52319C7523600122A0F /* PBXContainerItemProxy */;
		};
/* End PBXTargetDependency section */

/* Begin PBXVariantGroup section */
		86E2C51619C7523600122A0F /* Main.storyboard */ = {
			isa = PBXVariantGroup;
			children = (
				86E2C51719C7523600122A0F /* Base */,
			);
			name = Main.storyboard;
			sourceTree = "<group>";
		};
		86E2C51B19C7523600122A0F /* LaunchScreen.xib */ = {
			isa = PBXVariantGroup;
			children = (
				86E2C51C19C7523600122A0F /* Base */,
			);
			name = LaunchScreen.xib;
			sourceTree = "<group>";
		};
/* End PBXVariantGroup section */

/* Begin XCBuildConfiguration section */
		86E2C52A19C7523600122A0F /* Debug */ = {
			isa = XCBuildConfiguration;
			buildSettings = {
				ALWAYS_SEARCH_USER_PATHS = NO;
				CLANG_CXX_LANGUAGE_STANDARD = "gnu++0x";
				CLANG_CXX_LIBRARY = "libc++";
				CLANG_ENABLE_MODULES = YES;
				CLANG_ENABLE_OBJC_ARC = YES;
				CLANG_WARN_BOOL_CONVERSION = YES;
				CLANG_WARN_CONSTANT_CONVERSION = YES;
				CLANG_WARN_DIRECT_OBJC_ISA_USAGE = YES_ERROR;
				CLANG_WARN_EMPTY_BODY = YES;
				CLANG_WARN_ENUM_CONVERSION = YES;
				CLANG_WARN_INT_CONVERSION = YES;
				CLANG_WARN_OBJC_ROOT_CLASS = YES_ERROR;
				CLANG_WARN_UNREACHABLE_CODE = YES;
				CLANG_WARN__DUPLICATE_METHOD_MATCH = YES;
				"CODE_SIGN_IDENTITY[sdk=iphoneos*]" = "iPhone Developer";
				COPY_PHASE_STRIP = NO;
				ENABLE_STRICT_OBJC_MSGSEND = YES;
				GCC_C_LANGUAGE_STANDARD = gnu99;
				GCC_DYNAMIC_NO_PIC = NO;
				GCC_OPTIMIZATION_LEVEL = 0;
				GCC_PREPROCESSOR_DEFINITIONS = (
					"DEBUG=1",
					"$(inherited)",
				);
				GCC_SYMBOLS_PRIVATE_EXTERN = NO;
				GCC_WARN_64_TO_32_BIT_CONVERSION = YES;
				GCC_WARN_ABOUT_RETURN_TYPE = YES_ERROR;
				GCC_WARN_UNDECLARED_SELECTOR = YES;
				GCC_WARN_UNINITIALIZED_AUTOS = YES_AGGRESSIVE;
				GCC_WARN_UNUSED_FUNCTION = YES;
				GCC_WARN_UNUSED_VARIABLE = YES;
				IPHONEOS_DEPLOYMENT_TARGET = 8.0;
				MTL_ENABLE_DEBUG_INFO = YES;
				ONLY_ACTIVE_ARCH = YES;
				SDKROOT = iphoneos;
				SWIFT_OPTIMIZATION_LEVEL = "-Onone";
			};
			name = Debug;
		};
		86E2C52B19C7523600122A0F /* Release */ = {
			isa = XCBuildConfiguration;
			buildSettings = {
				ALWAYS_SEARCH_USER_PATHS = NO;
				CLANG_CXX_LANGUAGE_STANDARD = "gnu++0x";
				CLANG_CXX_LIBRARY = "libc++";
				CLANG_ENABLE_MODULES = YES;
				CLANG_ENABLE_OBJC_ARC = YES;
				CLANG_WARN_BOOL_CONVERSION = YES;
				CLANG_WARN_CONSTANT_CONVERSION = YES;
				CLANG_WARN_DIRECT_OBJC_ISA_USAGE = YES_ERROR;
				CLANG_WARN_EMPTY_BODY = YES;
				CLANG_WARN_ENUM_CONVERSION = YES;
				CLANG_WARN_INT_CONVERSION = YES;
				CLANG_WARN_OBJC_ROOT_CLASS = YES_ERROR;
				CLANG_WARN_UNREACHABLE_CODE = YES;
				CLANG_WARN__DUPLICATE_METHOD_MATCH = YES;
				"CODE_SIGN_IDENTITY[sdk=iphoneos*]" = "iPhone Developer";
				COPY_PHASE_STRIP = YES;
				ENABLE_NS_ASSERTIONS = NO;
				ENABLE_STRICT_OBJC_MSGSEND = YES;
				GCC_C_LANGUAGE_STANDARD = gnu99;
				GCC_WARN_64_TO_32_BIT_CONVERSION = YES;
				GCC_WARN_ABOUT_RETURN_TYPE = YES_ERROR;
				GCC_WARN_UNDECLARED_SELECTOR = YES;
				GCC_WARN_UNINITIALIZED_AUTOS = YES_AGGRESSIVE;
				GCC_WARN_UNUSED_FUNCTION = YES;
				GCC_WARN_UNUSED_VARIABLE = YES;
				IPHONEOS_DEPLOYMENT_TARGET = 8.0;
				MTL_ENABLE_DEBUG_INFO = NO;
				SDKROOT = iphoneos;
				VALIDATE_PRODUCT = YES;
			};
			name = Release;
		};
		86E2C52D19C7523600122A0F /* Debug */ = {
			isa = XCBuildConfiguration;
			buildSettings = {
				ASSETCATALOG_COMPILER_APPICON_NAME = AppIcon;
				INFOPLIST_FILE = Postcard/Info.plist;
				LD_RUNPATH_SEARCH_PATHS = "$(inherited) @executable_path/Frameworks";
				PRODUCT_NAME = "$(TARGET_NAME)";
			};
			name = Debug;
		};
		86E2C52E19C7523600122A0F /* Release */ = {
			isa = XCBuildConfiguration;
			buildSettings = {
				ASSETCATALOG_COMPILER_APPICON_NAME = AppIcon;
				INFOPLIST_FILE = Postcard/Info.plist;
				LD_RUNPATH_SEARCH_PATHS = "$(inherited) @executable_path/Frameworks";
				PRODUCT_NAME = "$(TARGET_NAME)";
			};
			name = Release;
		};
		86E2C53019C7523600122A0F /* Debug */ = {
			isa = XCBuildConfiguration;
			buildSettings = {
				BUNDLE_LOADER = "$(TEST_HOST)";
				FRAMEWORK_SEARCH_PATHS = (
					"$(SDKROOT)/Developer/Library/Frameworks",
					"$(inherited)",
				);
				GCC_PREPROCESSOR_DEFINITIONS = (
					"DEBUG=1",
					"$(inherited)",
				);
				INFOPLIST_FILE = PostcardTests/Info.plist;
				LD_RUNPATH_SEARCH_PATHS = "$(inherited) @executable_path/Frameworks @loader_path/Frameworks";
				PRODUCT_NAME = "$(TARGET_NAME)";
				TEST_HOST = "$(BUILT_PRODUCTS_DIR)/Postcard.app/Postcard";
			};
			name = Debug;
		};
		86E2C53119C7523600122A0F /* Release */ = {
			isa = XCBuildConfiguration;
			buildSettings = {
				BUNDLE_LOADER = "$(TEST_HOST)";
				FRAMEWORK_SEARCH_PATHS = (
					"$(SDKROOT)/Developer/Library/Frameworks",
					"$(inherited)",
				);
				INFOPLIST_FILE = PostcardTests/Info.plist;
				LD_RUNPATH_SEARCH_PATHS = "$(inherited) @executable_path/Frameworks @loader_path/Frameworks";
				PRODUCT_NAME = "$(TARGET_NAME)";
				TEST_HOST = "$(BUILT_PRODUCTS_DIR)/Postcard.app/Postcard";
			};
			name = Release;
		};
/* End XCBuildConfiguration section */

/* Begin XCConfigurationList section */
		86E2C50819C7523600122A0F /* Build configuration list for PBXProject "Postcard" */ = {
			isa = XCConfigurationList;
			buildConfigurations = (
				86E2C52A19C7523600122A0F /* Debug */,
				86E2C52B19C7523600122A0F /* Release */,
			);
			defaultConfigurationIsVisible = 0;
			defaultConfigurationName = Release;
		};
		86E2C52C19C7523600122A0F /* Build configuration list for PBXNativeTarget "Postcard" */ = {
			isa = XCConfigurationList;
			buildConfigurations = (
				86E2C52D19C7523600122A0F /* Debug */,
				86E2C52E19C7523600122A0F /* Release */,
			);
			defaultConfigurationIsVisible = 0;
		};
		86E2C52F19C7523600122A0F /* Build configuration list for PBXNativeTarget "PostcardTests" */ = {
			isa = XCConfigurationList;
			buildConfigurations = (
				86E2C53019C7523600122A0F /* Debug */,
				86E2C53119C7523600122A0F /* Release */,
			);
			defaultConfigurationIsVisible = 0;
		};
/* End XCConfigurationList section */
	};
	rootObject = 86E2C50519C7523600122A0F /* Project object */;
}
